{
    "name": "online-book-library",
    "version": "1.0.0",
    "lockfileVersion": 3,
    "requires": true,
    "packages": {
        "": {
            "name": "online-book-library",
            "version": "1.0.0",
            "license": "ISC",
            "dependencies": {
                "chai": "^5.1.1",
                "lit-html": "1.3.0",
                "page": "1.11.6",
                "playwright-chromium": "^1.48.1"
            }
        },
        "node_modules/assertion-error": {
            "version": "2.0.1",
            "resolved": "https://registry.npmjs.org/assertion-error/-/assertion-error-2.0.1.tgz",
            "integrity": "sha512-Izi8RQcffqCeNVgFigKli1ssklIbpHnCYc6AknXGYoB6grJqyeby7jv12JUQgmTAnIDnbck1uxksT4dzN3PWBA==",
            "license": "MIT",
            "engines": {
                "node": ">=12"
            }
        },
        "node_modules/chai": {
            "version": "5.1.1",
            "resolved": "https://registry.npmjs.org/chai/-/chai-5.1.1.tgz",
            "integrity": "sha512-pT1ZgP8rPNqUgieVaEY+ryQr6Q4HXNg8Ei9UnLUrjN4IA7dvQC5JB+/kxVcPNDHyBcc/26CXPkbNzq3qwrOEKA==",
            "license": "MIT",
            "dependencies": {
                "assertion-error": "^2.0.1",
                "check-error": "^2.1.1",
                "deep-eql": "^5.0.1",
                "loupe": "^3.1.0",
                "pathval": "^2.0.0"
            },
            "engines": {
                "node": ">=12"
            }
        },
        "node_modules/check-error": {
            "version": "2.1.1",
            "resolved": "https://registry.npmjs.org/check-error/-/check-error-2.1.1.tgz",
            "integrity": "sha512-OAlb+T7V4Op9OwdkjmguYRqncdlx5JiofwOAUkmTF+jNdHwzTaTs4sRAGpzLF3oOz5xAyDGrPgeIDFQmDOTiJw==",
            "license": "MIT",
            "engines": {
                "node": ">= 16"
            }
        },
        "node_modules/deep-eql": {
            "version": "5.0.2",
            "resolved": "https://registry.npmjs.org/deep-eql/-/deep-eql-5.0.2.tgz",
            "integrity": "sha512-h5k/5U50IJJFpzfL6nO9jaaumfjO/f2NjK/oYB2Djzm4p9L+3T9qWpZqZ2hAbLPuuYq9wrU08WQyBTL5GbPk5Q==",
            "license": "MIT",
            "engines": {
                "node": ">=6"
            }
        },
        "node_modules/isarray": {
            "version": "0.0.1",
            "resolved": "https://registry.npmjs.org/isarray/-/isarray-0.0.1.tgz",
            "integrity": "sha512-D2S+3GLxWH+uhrNEcoh/fnmYeP8E8/zHl644d/jdA0g2uyXvy3sb0qxotE+ne0LtccHknQzWwZEzhak7oJ0COQ==",
            "license": "MIT"
        },
        "node_modules/lit-html": {
            "version": "1.3.0",
            "resolved": "https://registry.npmjs.org/lit-html/-/lit-html-1.3.0.tgz",
            "integrity": "sha512-0Q1bwmaFH9O14vycPHw8C/IeHMk/uSDldVLIefu/kfbTBGIc44KGH6A8p1bDfxUfHdc8q6Ct7kQklWoHgr4t1Q==",
            "license": "BSD-3-Clause"
        },
        "node_modules/loupe": {
            "version": "3.1.2",
            "resolved": "https://registry.npmjs.org/loupe/-/loupe-3.1.2.tgz",
            "integrity": "sha512-23I4pFZHmAemUnz8WZXbYRSKYj801VDaNv9ETuMh7IrMc7VuVVSo+Z9iLE3ni30+U48iDWfi30d3twAXBYmnCg==",
            "license": "MIT"
        },
        "node_modules/page": {
            "version": "1.11.6",
            "resolved": "https://registry.npmjs.org/page/-/page-1.11.6.tgz",
            "integrity": "sha512-P6e2JfzkBrPeFCIPplLP7vDDiU84RUUZMrWdsH4ZBGJ8OosnwFkcUkBHp1DTIjuipLliw9yQn/ZJsXZvarsO+g==",
            "license": "MIT",
            "dependencies": {
                "path-to-regexp": "~1.2.1"
            }
        },
        "node_modules/path-to-regexp": {
            "version": "1.2.1",
            "resolved": "https://registry.npmjs.org/path-to-regexp/-/path-to-regexp-1.2.1.tgz",
            "integrity": "sha512-DBw9IhWfevR2zCVwEZURTuQNseCvu/Q9f5ZgqMCK0Rh61bDa4uyjPAOy9b55yKiPT59zZn+7uYKxmWwsguInwg==",
            "license": "MIT",
            "dependencies": {
                "isarray": "0.0.1"
            }
        },
        "node_modules/pathval": {
            "version": "2.0.0",
            "resolved": "https://registry.npmjs.org/pathval/-/pathval-2.0.0.tgz",
            "integrity": "sha512-vE7JKRyES09KiunauX7nd2Q9/L7lhok4smP9RZTDeD4MVs72Dp2qNFVz39Nz5a0FVEW0BJR6C0DYrq6unoziZA==",
            "license": "MIT",
            "engines": {
                "node": ">= 14.16"
            }
        },
        "node_modules/playwright-chromium": {
            "version": "1.48.1",
            "resolved": "https://registry.npmjs.org/playwright-chromium/-/playwright-chromium-1.48.1.tgz",
            "integrity": "sha512-KUrivSfq8LgOKxA1PO7MdYQ2PP10ZzPf0pedKxJ6LPCsUhckU6chGFum3svuo5HiRtBR0pEK+RPny0HcIRxDeQ==",
            "hasInstallScript": true,
            "license": "Apache-2.0",
            "dependencies": {
                "playwright-core": "1.48.1"
            },
            "bin": {
                "playwright": "cli.js"
            },
            "engines": {
                "node": ">=18"
            }
        },
        "node_modules/playwright-core": {
            "version": "1.48.1",
            "resolved": "https://registry.npmjs.org/playwright-core/-/playwright-core-1.48.1.tgz",
            "integrity": "sha512-Yw/t4VAFX/bBr1OzwCuOMZkY1Cnb4z/doAFSwf4huqAGWmf9eMNjmK7NiOljCdLmxeRYcGPPmcDgU0zOlzP0YA==",
            "license": "Apache-2.0",
            "bin": {
                "playwright-core": "cli.js"
            },
            "engines": {
                "node": ">=18"
            }
        }
    }
}
